
Microsoft Visual Studio Solution File, Format Version 12.00
# Visual Studio Version 16
VisualStudioVersion = 16.0.29509.3
MinimumVisualStudioVersion = 10.0.40219.1
Project("{9A19103F-16F7-4668-BE54-9A1E7A4F7556}") = "SaaSPipes", "SaaSPipes.csproj", "{B0826B21-CBF1-45D0-99E8-74911EFFF91F}"
EndProject
Project("{FAE04EC0-301F-11D3-BF4B-00C04F79EFBC}") = "Core", "..\Core\Core.csproj", "{258F330A-81AE-4A8F-BA85-AFDFB108EA5F}"
EndProject
Project("{FAE04EC0-301F-11D3-BF4B-00C04F79EFBC}") = "Runner", "..\Runner\Runner.csproj", "{240C0133-1F64-43BA-975C-FC45888D235D}"
EndProject
Global
	GlobalSection(SolutionConfigurationPlatforms) = preSolution
		Debug|Any CPU = Debug|Any CPU
		Release|Any CPU = Release|Any CPU
	EndGlobalSection
	GlobalSection(ProjectConfigurationPlatforms) = postSolution
		{B0826B21-CBF1-45D0-99E8-74911EFFF91F}.Debug|Any CPU.ActiveCfg = Debug|Any CPU
		{B0826B21-CBF1-45D0-99E8-74911EFFF91F}.Debug|Any CPU.Build.0 = Debug|Any CPU
		{B0826B21-CBF1-45D0-99E8-74911EFFF91F}.Release|Any CPU.ActiveCfg = Release|Any CPU
		{B0826B21-CBF1-45D0-99E8-74911EFFF91F}.Release|Any CPU.Build.0 = Release|Any CPU
		{258F330A-81AE-4A8F-BA85-AFDFB108EA5F}.Debug|Any CPU.ActiveCfg = Debug|Any CPU
		{258F330A-81AE-4A8F-BA85-AFDFB108EA5F}.Debug|Any CPU.Build.0 = Debug|Any CPU
		{258F330A-81AE-4A8F-BA85-AFDFB108EA5F}.Release|Any CPU.ActiveCfg = Release|Any CPU
		{258F330A-81AE-4A8F-BA85-AFDFB108EA5F}.Release|Any CPU.Build.0 = Release|Any CPU
		{240C0133-1F64-43BA-975C-FC45888D235D}.Debug|Any CPU.ActiveCfg = Debug|Any CPU
		{240C0133-1F64-43BA-975C-FC45888D235D}.Debug|Any CPU.Build.0 = Debug|Any CPU
		{240C0133-1F64-43BA-975C-FC45888D235D}.Release|Any CPU.ActiveCfg = Release|Any CPU
		{240C0133-1F64-43BA-975C-FC45888D235D}.Release|Any CPU.Build.0 = Release|Any CPU
	EndGlobalSection
	GlobalSection(SolutionProperties) = preSolution
		HideSolutionNode = FALSE
	EndGlobalSection
	GlobalSection(ExtensibilityGlobals) = postSolution
		SolutionGuid = {E732D164-6F49-4F9F-906A-A5438E571FAB}
	EndGlobalSection
EndGlobal
